<?xml version="1.0" encoding="utf-8"?>
<Project ToolsVersion="4.0" xmlns="http://schemas.microsoft.com/developer/msbuild/2003">
  <ItemGroup>
    <Filter Include="win32">
      <UniqueIdentifier>{84a8ebd7-7cf0-47f6-b75e-d441df67da40}</UniqueIdentifier>
    </Filter>
    <Filter Include="resource">
      <UniqueIdentifier>{715254bc-d70b-4ec5-bf29-467dd3ace079}</UniqueIdentifier>
    </Filter>
    <Filter Include="src">
      <UniqueIdentifier>{bb6c862e-70e9-49d9-81b7-3829a6f50471}</UniqueIdentifier>
    </Filter>
    <Filter Include="src\utils">
      <UniqueIdentifier>{156f1e75-7df7-448f-be86-ba72e4e394dc}</UniqueIdentifier>
    </Filter>
    <Filter Include="src\scene">
      <UniqueIdentifier>{bd3aa404-86a1-43e9-b3fa-edc2bdc19a15}</UniqueIdentifier>
    </Filter>
    <Filter Include="src\other">
      <UniqueIdentifier>{6bf2f8aa-4258-47d2-80ae-dbc4baa52ca9}</UniqueIdentifier>
    </Filter>
    <Filter Include="src\entity">
      <UniqueIdentifier>{e2033d14-39b7-46af-bef3-dadcc2968e09}</UniqueIdentifier>
    </Filter>
  </ItemGroup>
  <ItemGroup>
    <ClCompile Include="main.cpp">
      <Filter>win32</Filter>
    </ClCompile>
    <ClCompile Include="..\Classes\MainGameScene.cpp">
      <Filter>src\scene</Filter>
    </ClCompile>
    <ClCompile Include="..\Classes\MainMenuScene.cpp">
      <Filter>src\scene</Filter>
    </ClCompile>
    <ClCompile Include="..\Classes\ShopScene.cpp">
      <Filter>src\scene</Filter>
    </ClCompile>
    <ClCompile Include="..\Classes\SplashScene.cpp">
      <Filter>src\scene</Filter>
    </ClCompile>
    <ClCompile Include="..\Classes\AppDelegate.cpp">
      <Filter>src\other</Filter>
    </ClCompile>
    <ClCompile Include="..\Classes\Block.cpp">
      <Filter>src\entity</Filter>
    </ClCompile>
  </ItemGroup>
  <ItemGroup>
    <ClInclude Include="main.h">
      <Filter>win32</Filter>
    </ClInclude>
    <ClInclude Include="..\Classes\MainGameScene.h">
      <Filter>src\scene</Filter>
    </ClInclude>
    <ClInclude Include="..\Classes\MainMenuScene.h">
      <Filter>src\scene</Filter>
    </ClInclude>
    <ClInclude Include="..\Classes\ShopScene.h">
      <Filter>src\scene</Filter>
    </ClInclude>
    <ClInclude Include="..\Classes\SplashScene.h">
      <Filter>src\scene</Filter>
    </ClInclude>
    <ClInclude Include="..\Classes\AppDelegate.h">
      <Filter>src\other</Filter>
    </ClInclude>
    <ClInclude Include="..\Classes\Block.h">
      <Filter>src\entity</Filter>
    </ClInclude>
    <ClInclude Include="..\Classes\Constant.h">
      <Filter>src\utils</Filter>
    </ClInclude>
  </ItemGroup>
  <ItemGroup>
    <ResourceCompile Include="game.rc">
      <Filter>resource</Filter>
    </ResourceCompile>
  </ItemGroup>
</Project>